
Microsoft Visual Studio Solution File, Format Version 12.00
# Visual Studio Version 17
VisualStudioVersion = 17.7.34202.233
MinimumVisualStudioVersion = 10.0.40219.1
Project("{FAE04EC0-301F-11D3-BF4B-00C04F79EFBC}") = "SypGitTest", "SypGitTest.csproj", "{BF9C09EB-C4B8-4C50-AD16-5BF90DF278D7}"
EndProject
Global
	GlobalSection(SolutionConfigurationPlatforms) = preSolution
		Debug|Any CPU = Debug|Any CPU
		Release|Any CPU = Release|Any CPU
	EndGlobalSection
	GlobalSection(ProjectConfigurationPlatforms) = postSolution
		{BF9C09EB-C4B8-4C50-AD16-5BF90DF278D7}.Debug|Any CPU.ActiveCfg = Debug|Any CPU
		{BF9C09EB-C4B8-4C50-AD16-5BF90DF278D7}.Debug|Any CPU.Build.0 = Debug|Any CPU
		{BF9C09EB-C4B8-4C50-AD16-5BF90DF278D7}.Release|Any CPU.ActiveCfg = Release|Any CPU
		{BF9C09EB-C4B8-4C50-AD16-5BF90DF278D7}.Release|Any CPU.Build.0 = Release|Any CPU
	EndGlobalSection
	GlobalSection(SolutionProperties) = preSolution
		HideSolutionNode = FALSE
	EndGlobalSection
	GlobalSection(ExtensibilityGlobals) = postSolution
		SolutionGuid = {86C62324-B373-4C02-8993-2C1AFF4EC5B7}
	EndGlobalSection
EndGlobal
